
Microsoft Visual Studio Solution File, Format Version 12.00
# Visual Studio Version 17
VisualStudioVersion = 17.0.31903.59
MinimumVisualStudioVersion = 10.0.40219.1
Project("{2150E333-8FDC-42A3-9474-1A3956D46DE8}") = "src", "src", "{C65E3444-5DCA-4E90-9B0B-4F6F8854FAF6}"
EndProject
Project("{FAE04EC0-301F-11D3-BF4B-00C04F79EFBC}") = "HotChocolate.AspNetCore", "src\AspNetCore\HotChocolate.AspNetCore.csproj", "{E80C2EDA-EA67-4B21-BDE6-1F48F8A880C8}"
EndProject
Project("{FAE04EC0-301F-11D3-BF4B-00C04F79EFBC}") = "HotChocolate.AspNetCore.Authorization", "src\AspNetCore.Authorization\HotChocolate.AspNetCore.Authorization.csproj", "{8038572A-90D1-4BAD-841B-D059CF7D18A7}"
EndProject
Project("{FAE04EC0-301F-11D3-BF4B-00C04F79EFBC}") = "HotChocolate.AspNetCore.Authorization.Opa", "src\AspNetCore.Authorization.Opa\HotChocolate.AspNetCore.Authorization.Opa.csproj", "{8D34D6D6-4543-4E37-BEC5-30DDB95A5CB9}"
EndProject
Project("{FAE04EC0-301F-11D3-BF4B-00C04F79EFBC}") = "HotChocolate.AspNetCore.CommandLine", "src\AspNetCore.CommandLine\HotChocolate.AspNetCore.CommandLine.csproj", "{ED3AD7DA-1FDC-4621-AE2E-087C0F48438B}"
EndProject
Project("{FAE04EC0-301F-11D3-BF4B-00C04F79EFBC}") = "HotChocolate.Transport.Abstractions", "src\Transport.Abstractions\HotChocolate.Transport.Abstractions.csproj", "{8345C6BB-43DC-41CE-AD38-E490CBC526C8}"
EndProject
Project("{FAE04EC0-301F-11D3-BF4B-00C04F79EFBC}") = "HotChocolate.Transport.Http", "src\Transport.Http\HotChocolate.Transport.Http.csproj", "{80529ADF-0248-4DD9-A0FB-1023C69CFCDA}"
EndProject
Project("{FAE04EC0-301F-11D3-BF4B-00C04F79EFBC}") = "HotChocolate.Transport.Sockets", "src\Transport.Sockets\HotChocolate.Transport.Sockets.csproj", "{CA013D36-16E1-4109-A530-EFAE89DBC4B9}"
EndProject
Project("{FAE04EC0-301F-11D3-BF4B-00C04F79EFBC}") = "HotChocolate.Transport.Sockets.Client", "src\Transport.Sockets.Client\HotChocolate.Transport.Sockets.Client.csproj", "{65132371-ECDB-4E85-8FEC-B74551B56F67}"
EndProject
Project("{2150E333-8FDC-42A3-9474-1A3956D46DE8}") = "test", "test", "{5C25E317-7FA2-4078-97F2-509572E0FF37}"
EndProject
Project("{FAE04EC0-301F-11D3-BF4B-00C04F79EFBC}") = "HotChocolate.AspNetCore.Authorization.Opa.Tests", "test\AspNetCore.Authorization.Opa.Tests\HotChocolate.AspNetCore.Authorization.Opa.Tests.csproj", "{0A16AAD2-A9C9-4DCE-A8C9-F5602C049FF2}"
EndProject
Project("{FAE04EC0-301F-11D3-BF4B-00C04F79EFBC}") = "HotChocolate.AspNetCore.Authorization.Tests", "test\AspNetCore.Authorization.Tests\HotChocolate.AspNetCore.Authorization.Tests.csproj", "{C4EFB7BD-FC06-4900-B3A9-9499B0CEB269}"
EndProject
Project("{FAE04EC0-301F-11D3-BF4B-00C04F79EFBC}") = "HotChocolate.AspNetCore.CommandLine.Tests", "test\AspNetCore.CommandLine.Tests\HotChocolate.AspNetCore.CommandLine.Tests.csproj", "{B3D13F20-197A-4CF7-B321-19FC01B013D0}"
EndProject
Project("{FAE04EC0-301F-11D3-BF4B-00C04F79EFBC}") = "HotChocolate.AspNetCore.Tests", "test\AspNetCore.Tests\HotChocolate.AspNetCore.Tests.csproj", "{42F20FCD-5510-4D15-9447-11D1D6C2F361}"
EndProject
Project("{FAE04EC0-301F-11D3-BF4B-00C04F79EFBC}") = "HotChocolate.AspNetCore.Tests.Utilities", "test\AspNetCore.Tests.Utilities\HotChocolate.AspNetCore.Tests.Utilities.csproj", "{F27E1916-A88A-4B3E-9992-293060A50F7E}"
EndProject
Project("{FAE04EC0-301F-11D3-BF4B-00C04F79EFBC}") = "HotChocolate.Transport.Http.Tests", "test\Transport.Http.Tests\HotChocolate.Transport.Http.Tests.csproj", "{2F1E9094-61A9-4439-A638-E6CFD5FF3020}"
EndProject
Project("{FAE04EC0-301F-11D3-BF4B-00C04F79EFBC}") = "HotChocolate.Transport.Sockets.Client.Tests", "test\Transport.Sockets.Client.Tests\HotChocolate.Transport.Sockets.Client.Tests.csproj", "{8F2D14F0-691F-4D99-9079-51A36B582B8E}"
EndProject
Project("{2150E333-8FDC-42A3-9474-1A3956D46DE8}") = "missing", "missing", "{AA1CAAC0-181C-4A17-8151-107B097BABAB}"
EndProject
Project("{FAE04EC0-301F-11D3-BF4B-00C04F79EFBC}") = "HotChocolate.Core", "..\Core\src\Core\HotChocolate.Core.csproj", "{97ADEBE3-A70B-4D29-8739-C3149124AC91}"
EndProject
Project("{FAE04EC0-301F-11D3-BF4B-00C04F79EFBC}") = "HotChocolate.Authorization", "..\Core\src\Authorization\HotChocolate.Authorization.csproj", "{86C52F58-2483-4E4F-BAC7-D2605CB4F11B}"
EndProject
Project("{FAE04EC0-301F-11D3-BF4B-00C04F79EFBC}") = "HotChocolate.Execution", "..\Core\src\Execution\HotChocolate.Execution.csproj", "{7ECEBCCE-3E40-4414-844A-7C1610DDDCFB}"
EndProject
Project("{FAE04EC0-301F-11D3-BF4B-00C04F79EFBC}") = "HotChocolate.Fetching", "..\Core\src\Fetching\HotChocolate.Fetching.csproj", "{052D4C5B-0ACA-4CA2-B6A9-A448CA0B3B3A}"
EndProject
Project("{FAE04EC0-301F-11D3-BF4B-00C04F79EFBC}") = "HotChocolate.Abstractions", "..\Core\src\Abstractions\HotChocolate.Abstractions.csproj", "{DD88CBB8-ED50-4945-8E18-F25A63867209}"
EndProject
Project("{FAE04EC0-301F-11D3-BF4B-00C04F79EFBC}") = "HotChocolate.Language", "..\Language\src\Language\HotChocolate.Language.csproj", "{2F0D41EF-1AF1-4556-8FFA-EF4797CE9673}"
EndProject
Project("{FAE04EC0-301F-11D3-BF4B-00C04F79EFBC}") = "HotChocolate.Language.SyntaxTree", "..\Language\src\Language.SyntaxTree\HotChocolate.Language.SyntaxTree.csproj", "{F17D2963-CAC8-4F49-9A15-3C7A7618BAD6}"
EndProject
Project("{FAE04EC0-301F-11D3-BF4B-00C04F79EFBC}") = "HotChocolate.Language.Utf8", "..\Language\src\Language.Utf8\HotChocolate.Language.Utf8.csproj", "{F42B0644-9469-4017-88B3-E3B58D1F5005}"
EndProject
Project("{FAE04EC0-301F-11D3-BF4B-00C04F79EFBC}") = "HotChocolate.Language.Visitors", "..\Language\src\Language.Visitors\HotChocolate.Language.Visitors.csproj", "{6632D1FE-06AE-4CA8-A3E0-2D064916F04E}"
EndProject
Project("{FAE04EC0-301F-11D3-BF4B-00C04F79EFBC}") = "HotChocolate.Language.Web", "..\Language\src\Language.Web\HotChocolate.Language.Web.csproj", "{B305BDEB-0B29-4850-B652-B1500012DA3E}"
EndProject
Project("{FAE04EC0-301F-11D3-BF4B-00C04F79EFBC}") = "HotChocolate.Execution.Abstractions", "..\Core\src\Execution.Abstractions\HotChocolate.Execution.Abstractions.csproj", "{F9938C2A-52A3-46AA-BC3F-0FB7133B1D29}"
EndProject
Project("{FAE04EC0-301F-11D3-BF4B-00C04F79EFBC}") = "HotChocolate.Validation", "..\Core\src\Validation\HotChocolate.Validation.csproj", "{5357841D-9295-4BA8-9027-13656A9163B2}"
EndProject
Project("{FAE04EC0-301F-11D3-BF4B-00C04F79EFBC}") = "GreenDonut", "..\..\GreenDonut\src\Core\GreenDonut.csproj", "{C6E414EC-A58A-4A47-B7AB-589354B85166}"
EndProject
Project("{FAE04EC0-301F-11D3-BF4B-00C04F79EFBC}") = "HotChocolate.Utilities", "..\Utilities\src\Utilities\HotChocolate.Utilities.csproj", "{D66F961A-0526-48B3-85FD-53EA1BABCCC6}"
EndProject
Project("{FAE04EC0-301F-11D3-BF4B-00C04F79EFBC}") = "HotChocolate.Utilities.Introspection", "..\Utilities\src\Utilities.Introspection\HotChocolate.Utilities.Introspection.csproj", "{86DF3FD6-FC0A-4402-B5F8-5EE36109F517}"
EndProject
Project("{FAE04EC0-301F-11D3-BF4B-00C04F79EFBC}") = "HotChocolate.Subscriptions", "..\Core\src\Subscriptions\HotChocolate.Subscriptions.csproj", "{F630A586-9125-43CB-A5AC-04188EDABCAD}"
EndProject
Project("{FAE04EC0-301F-11D3-BF4B-00C04F79EFBC}") = "HotChocolate.Subscriptions.InMemory", "..\Core\src\Subscriptions.InMemory\HotChocolate.Subscriptions.InMemory.csproj", "{B4358AEA-9011-4FF1-B73C-20838B759846}"
EndProject
Project("{FAE04EC0-301F-11D3-BF4B-00C04F79EFBC}") = "HotChocolate.Types", "..\Core\src\Types\HotChocolate.Types.csproj", "{15ADBAFB-1CE8-4BF0-B39B-DCFDC834251D}"
EndProject
Project("{FAE04EC0-301F-11D3-BF4B-00C04F79EFBC}") = "HotChocolate.Types.Scalars.Upload", "..\Core\src\Types.Scalars.Upload\HotChocolate.Types.Scalars.Upload.csproj", "{B3B1F267-2975-4A6C-8974-B8F9291DC87F}"
EndProject
Project("{FAE04EC0-301F-11D3-BF4B-00C04F79EFBC}") = "HotChocolate.Types.CursorPagination", "..\Core\src\Types.CursorPagination\HotChocolate.Types.CursorPagination.csproj", "{36405CA5-B219-44F5-B225-713DC76F6725}"
EndProject
Project("{FAE04EC0-301F-11D3-BF4B-00C04F79EFBC}") = "HotChocolate.Types.Mutations", "..\Core\src\Types.Mutations\HotChocolate.Types.Mutations.csproj", "{C7EA9474-84C8-4504-A689-1C4FF9CBFCFE}"
EndProject
Project("{FAE04EC0-301F-11D3-BF4B-00C04F79EFBC}") = "HotChocolate.Types.OffsetPagination", "..\Core\src\Types.OffsetPagination\HotChocolate.Types.OffsetPagination.csproj", "{B52817E6-CAF1-468E-BDE1-0A618570DCAF}"
EndProject
Project("{FAE04EC0-301F-11D3-BF4B-00C04F79EFBC}") = "CookieCrumble", "..\..\CookieCrumble\src\CookieCrumble\CookieCrumble.csproj", "{15A0FD73-4346-42AB-8F79-3C0D10420DD4}"
EndProject
Project("{FAE04EC0-301F-11D3-BF4B-00C04F79EFBC}") = "HotChocolate.Diagnostics", "..\Diagnostics\src\Diagnostics\HotChocolate.Diagnostics.csproj", "{FF813AB8-B2AB-41A0-8701-99314CABA95C}"
EndProject
Project("{FAE04EC0-301F-11D3-BF4B-00C04F79EFBC}") = "HotChocolate.StarWars.Tests", "..\Core\test\StarWars\HotChocolate.StarWars.Tests.csproj", "{D771B1C9-A174-46C6-966E-5CEBBCBB77B1}"
EndProject
Project("{FAE04EC0-301F-11D3-BF4B-00C04F79EFBC}") = "HotChocolate.Fusion.Abstractions", "..\Fusion\src\Abstractions\HotChocolate.Fusion.Abstractions.csproj", "{6B80422E-5EEA-491F-88A0-ECD05E0C03CD}"
EndProject
Project("{FAE04EC0-301F-11D3-BF4B-00C04F79EFBC}") = "HotChocolate.Fusion", "..\Fusion\src\Core\HotChocolate.Fusion.csproj", "{40D02A19-25DD-40BF-B101-7DC17EBE6850}"
EndProject
Project("{FAE04EC0-301F-11D3-BF4B-00C04F79EFBC}") = "HotChocolate.Tests.Utilities", "..\Core\test\Utilities\HotChocolate.Tests.Utilities.csproj", "{08393441-CBE7-44E0-878B-14EBEE26F568}"
EndProject
Project("{FAE04EC0-301F-11D3-BF4B-00C04F79EFBC}") = "HotChocolate.Subscriptions.Redis", "..\Core\src\Subscriptions.Redis\HotChocolate.Subscriptions.Redis.csproj", "{27CA4A78-BB00-4623-AA7D-90F168E3E637}"
EndProject
Project("{FAE04EC0-301F-11D3-BF4B-00C04F79EFBC}") = "GreenDonut.Tests", "..\..\GreenDonut\test\Core.Tests\GreenDonut.Tests.csproj", "{264CC144-96D6-449C-8A5A-1505677277A7}"
EndProject
Global
	GlobalSection(SolutionConfigurationPlatforms) = preSolution
		Debug|Any CPU = Debug|Any CPU
		Release|Any CPU = Release|Any CPU
	EndGlobalSection
	GlobalSection(SolutionProperties) = preSolution
		HideSolutionNode = FALSE
	EndGlobalSection
	GlobalSection(ProjectConfigurationPlatforms) = postSolution
		{E80C2EDA-EA67-4B21-BDE6-1F48F8A880C8}.Debug|Any CPU.ActiveCfg = Debug|Any CPU
		{E80C2EDA-EA67-4B21-BDE6-1F48F8A880C8}.Debug|Any CPU.Build.0 = Debug|Any CPU
		{E80C2EDA-EA67-4B21-BDE6-1F48F8A880C8}.Release|Any CPU.ActiveCfg = Release|Any CPU
		{E80C2EDA-EA67-4B21-BDE6-1F48F8A880C8}.Release|Any CPU.Build.0 = Release|Any CPU
		{8038572A-90D1-4BAD-841B-D059CF7D18A7}.Debug|Any CPU.ActiveCfg = Debug|Any CPU
		{8038572A-90D1-4BAD-841B-D059CF7D18A7}.Debug|Any CPU.Build.0 = Debug|Any CPU
		{8038572A-90D1-4BAD-841B-D059CF7D18A7}.Release|Any CPU.ActiveCfg = Release|Any CPU
		{8038572A-90D1-4BAD-841B-D059CF7D18A7}.Release|Any CPU.Build.0 = Release|Any CPU
		{8D34D6D6-4543-4E37-BEC5-30DDB95A5CB9}.Debug|Any CPU.ActiveCfg = Debug|Any CPU
		{8D34D6D6-4543-4E37-BEC5-30DDB95A5CB9}.Debug|Any CPU.Build.0 = Debug|Any CPU
		{8D34D6D6-4543-4E37-BEC5-30DDB95A5CB9}.Release|Any CPU.ActiveCfg = Release|Any CPU
		{8D34D6D6-4543-4E37-BEC5-30DDB95A5CB9}.Release|Any CPU.Build.0 = Release|Any CPU
		{ED3AD7DA-1FDC-4621-AE2E-087C0F48438B}.Debug|Any CPU.ActiveCfg = Debug|Any CPU
		{ED3AD7DA-1FDC-4621-AE2E-087C0F48438B}.Debug|Any CPU.Build.0 = Debug|Any CPU
		{ED3AD7DA-1FDC-4621-AE2E-087C0F48438B}.Release|Any CPU.ActiveCfg = Release|Any CPU
		{ED3AD7DA-1FDC-4621-AE2E-087C0F48438B}.Release|Any CPU.Build.0 = Release|Any CPU
		{8345C6BB-43DC-41CE-AD38-E490CBC526C8}.Debug|Any CPU.ActiveCfg = Debug|Any CPU
		{8345C6BB-43DC-41CE-AD38-E490CBC526C8}.Debug|Any CPU.Build.0 = Debug|Any CPU
		{8345C6BB-43DC-41CE-AD38-E490CBC526C8}.Release|Any CPU.ActiveCfg = Release|Any CPU
		{8345C6BB-43DC-41CE-AD38-E490CBC526C8}.Release|Any CPU.Build.0 = Release|Any CPU
		{80529ADF-0248-4DD9-A0FB-1023C69CFCDA}.Debug|Any CPU.ActiveCfg = Debug|Any CPU
		{80529ADF-0248-4DD9-A0FB-1023C69CFCDA}.Debug|Any CPU.Build.0 = Debug|Any CPU
		{80529ADF-0248-4DD9-A0FB-1023C69CFCDA}.Release|Any CPU.ActiveCfg = Release|Any CPU
		{80529ADF-0248-4DD9-A0FB-1023C69CFCDA}.Release|Any CPU.Build.0 = Release|Any CPU
		{CA013D36-16E1-4109-A530-EFAE89DBC4B9}.Debug|Any CPU.ActiveCfg = Debug|Any CPU
		{CA013D36-16E1-4109-A530-EFAE89DBC4B9}.Debug|Any CPU.Build.0 = Debug|Any CPU
		{CA013D36-16E1-4109-A530-EFAE89DBC4B9}.Release|Any CPU.ActiveCfg = Release|Any CPU
		{CA013D36-16E1-4109-A530-EFAE89DBC4B9}.Release|Any CPU.Build.0 = Release|Any CPU
		{65132371-ECDB-4E85-8FEC-B74551B56F67}.Debug|Any CPU.ActiveCfg = Debug|Any CPU
		{65132371-ECDB-4E85-8FEC-B74551B56F67}.Debug|Any CPU.Build.0 = Debug|Any CPU
		{65132371-ECDB-4E85-8FEC-B74551B56F67}.Release|Any CPU.ActiveCfg = Release|Any CPU
		{65132371-ECDB-4E85-8FEC-B74551B56F67}.Release|Any CPU.Build.0 = Release|Any CPU
		{0A16AAD2-A9C9-4DCE-A8C9-F5602C049FF2}.Debug|Any CPU.ActiveCfg = Debug|Any CPU
		{0A16AAD2-A9C9-4DCE-A8C9-F5602C049FF2}.Debug|Any CPU.Build.0 = Debug|Any CPU
		{0A16AAD2-A9C9-4DCE-A8C9-F5602C049FF2}.Release|Any CPU.ActiveCfg = Release|Any CPU
		{0A16AAD2-A9C9-4DCE-A8C9-F5602C049FF2}.Release|Any CPU.Build.0 = Release|Any CPU
		{C4EFB7BD-FC06-4900-B3A9-9499B0CEB269}.Debug|Any CPU.ActiveCfg = Debug|Any CPU
		{C4EFB7BD-FC06-4900-B3A9-9499B0CEB269}.Debug|Any CPU.Build.0 = Debug|Any CPU
		{C4EFB7BD-FC06-4900-B3A9-9499B0CEB269}.Release|Any CPU.ActiveCfg = Release|Any CPU
		{C4EFB7BD-FC06-4900-B3A9-9499B0CEB269}.Release|Any CPU.Build.0 = Release|Any CPU
		{B3D13F20-197A-4CF7-B321-19FC01B013D0}.Debug|Any CPU.ActiveCfg = Debug|Any CPU
		{B3D13F20-197A-4CF7-B321-19FC01B013D0}.Debug|Any CPU.Build.0 = Debug|Any CPU
		{B3D13F20-197A-4CF7-B321-19FC01B013D0}.Release|Any CPU.ActiveCfg = Release|Any CPU
		{B3D13F20-197A-4CF7-B321-19FC01B013D0}.Release|Any CPU.Build.0 = Release|Any CPU
		{42F20FCD-5510-4D15-9447-11D1D6C2F361}.Debug|Any CPU.ActiveCfg = Debug|Any CPU
		{42F20FCD-5510-4D15-9447-11D1D6C2F361}.Debug|Any CPU.Build.0 = Debug|Any CPU
		{42F20FCD-5510-4D15-9447-11D1D6C2F361}.Release|Any CPU.ActiveCfg = Release|Any CPU
		{42F20FCD-5510-4D15-9447-11D1D6C2F361}.Release|Any CPU.Build.0 = Release|Any CPU
		{F27E1916-A88A-4B3E-9992-293060A50F7E}.Debug|Any CPU.ActiveCfg = Debug|Any CPU
		{F27E1916-A88A-4B3E-9992-293060A50F7E}.Debug|Any CPU.Build.0 = Debug|Any CPU
		{F27E1916-A88A-4B3E-9992-293060A50F7E}.Release|Any CPU.ActiveCfg = Release|Any CPU
		{F27E1916-A88A-4B3E-9992-293060A50F7E}.Release|Any CPU.Build.0 = Release|Any CPU
		{2F1E9094-61A9-4439-A638-E6CFD5FF3020}.Debug|Any CPU.ActiveCfg = Debug|Any CPU
		{2F1E9094-61A9-4439-A638-E6CFD5FF3020}.Debug|Any CPU.Build.0 = Debug|Any CPU
		{2F1E9094-61A9-4439-A638-E6CFD5FF3020}.Release|Any CPU.ActiveCfg = Release|Any CPU
		{2F1E9094-61A9-4439-A638-E6CFD5FF3020}.Release|Any CPU.Build.0 = Release|Any CPU
		{8F2D14F0-691F-4D99-9079-51A36B582B8E}.Debug|Any CPU.ActiveCfg = Debug|Any CPU
		{8F2D14F0-691F-4D99-9079-51A36B582B8E}.Debug|Any CPU.Build.0 = Debug|Any CPU
		{8F2D14F0-691F-4D99-9079-51A36B582B8E}.Release|Any CPU.ActiveCfg = Release|Any CPU
		{8F2D14F0-691F-4D99-9079-51A36B582B8E}.Release|Any CPU.Build.0 = Release|Any CPU
		{97ADEBE3-A70B-4D29-8739-C3149124AC91}.Debug|Any CPU.ActiveCfg = Debug|Any CPU
		{97ADEBE3-A70B-4D29-8739-C3149124AC91}.Debug|Any CPU.Build.0 = Debug|Any CPU
		{97ADEBE3-A70B-4D29-8739-C3149124AC91}.Release|Any CPU.ActiveCfg = Release|Any CPU
		{97ADEBE3-A70B-4D29-8739-C3149124AC91}.Release|Any CPU.Build.0 = Release|Any CPU
		{86C52F58-2483-4E4F-BAC7-D2605CB4F11B}.Debug|Any CPU.ActiveCfg = Debug|Any CPU
		{86C52F58-2483-4E4F-BAC7-D2605CB4F11B}.Debug|Any CPU.Build.0 = Debug|Any CPU
		{86C52F58-2483-4E4F-BAC7-D2605CB4F11B}.Release|Any CPU.ActiveCfg = Release|Any CPU
		{86C52F58-2483-4E4F-BAC7-D2605CB4F11B}.Release|Any CPU.Build.0 = Release|Any CPU
		{7ECEBCCE-3E40-4414-844A-7C1610DDDCFB}.Debug|Any CPU.ActiveCfg = Debug|Any CPU
		{7ECEBCCE-3E40-4414-844A-7C1610DDDCFB}.Debug|Any CPU.Build.0 = Debug|Any CPU
		{7ECEBCCE-3E40-4414-844A-7C1610DDDCFB}.Release|Any CPU.ActiveCfg = Release|Any CPU
		{7ECEBCCE-3E40-4414-844A-7C1610DDDCFB}.Release|Any CPU.Build.0 = Release|Any CPU
		{052D4C5B-0ACA-4CA2-B6A9-A448CA0B3B3A}.Debug|Any CPU.ActiveCfg = Debug|Any CPU
		{052D4C5B-0ACA-4CA2-B6A9-A448CA0B3B3A}.Debug|Any CPU.Build.0 = Debug|Any CPU
		{052D4C5B-0ACA-4CA2-B6A9-A448CA0B3B3A}.Release|Any CPU.ActiveCfg = Release|Any CPU
		{052D4C5B-0ACA-4CA2-B6A9-A448CA0B3B3A}.Release|Any CPU.Build.0 = Release|Any CPU
		{DD88CBB8-ED50-4945-8E18-F25A63867209}.Debug|Any CPU.ActiveCfg = Debug|Any CPU
		{DD88CBB8-ED50-4945-8E18-F25A63867209}.Debug|Any CPU.Build.0 = Debug|Any CPU
		{DD88CBB8-ED50-4945-8E18-F25A63867209}.Release|Any CPU.ActiveCfg = Release|Any CPU
		{DD88CBB8-ED50-4945-8E18-F25A63867209}.Release|Any CPU.Build.0 = Release|Any CPU
		{2F0D41EF-1AF1-4556-8FFA-EF4797CE9673}.Debug|Any CPU.ActiveCfg = Debug|Any CPU
		{2F0D41EF-1AF1-4556-8FFA-EF4797CE9673}.Debug|Any CPU.Build.0 = Debug|Any CPU
		{2F0D41EF-1AF1-4556-8FFA-EF4797CE9673}.Release|Any CPU.ActiveCfg = Release|Any CPU
		{2F0D41EF-1AF1-4556-8FFA-EF4797CE9673}.Release|Any CPU.Build.0 = Release|Any CPU
		{F17D2963-CAC8-4F49-9A15-3C7A7618BAD6}.Debug|Any CPU.ActiveCfg = Debug|Any CPU
		{F17D2963-CAC8-4F49-9A15-3C7A7618BAD6}.Debug|Any CPU.Build.0 = Debug|Any CPU
		{F17D2963-CAC8-4F49-9A15-3C7A7618BAD6}.Release|Any CPU.ActiveCfg = Release|Any CPU
		{F17D2963-CAC8-4F49-9A15-3C7A7618BAD6}.Release|Any CPU.Build.0 = Release|Any CPU
		{F42B0644-9469-4017-88B3-E3B58D1F5005}.Debug|Any CPU.ActiveCfg = Debug|Any CPU
		{F42B0644-9469-4017-88B3-E3B58D1F5005}.Debug|Any CPU.Build.0 = Debug|Any CPU
		{F42B0644-9469-4017-88B3-E3B58D1F5005}.Release|Any CPU.ActiveCfg = Release|Any CPU
		{F42B0644-9469-4017-88B3-E3B58D1F5005}.Release|Any CPU.Build.0 = Release|Any CPU
		{6632D1FE-06AE-4CA8-A3E0-2D064916F04E}.Debug|Any CPU.ActiveCfg = Debug|Any CPU
		{6632D1FE-06AE-4CA8-A3E0-2D064916F04E}.Debug|Any CPU.Build.0 = Debug|Any CPU
		{6632D1FE-06AE-4CA8-A3E0-2D064916F04E}.Release|Any CPU.ActiveCfg = Release|Any CPU
		{6632D1FE-06AE-4CA8-A3E0-2D064916F04E}.Release|Any CPU.Build.0 = Release|Any CPU
		{B305BDEB-0B29-4850-B652-B1500012DA3E}.Debug|Any CPU.ActiveCfg = Debug|Any CPU
		{B305BDEB-0B29-4850-B652-B1500012DA3E}.Debug|Any CPU.Build.0 = Debug|Any CPU
		{B305BDEB-0B29-4850-B652-B1500012DA3E}.Release|Any CPU.ActiveCfg = Release|Any CPU
		{B305BDEB-0B29-4850-B652-B1500012DA3E}.Release|Any CPU.Build.0 = Release|Any CPU
		{F9938C2A-52A3-46AA-BC3F-0FB7133B1D29}.Debug|Any CPU.ActiveCfg = Debug|Any CPU
		{F9938C2A-52A3-46AA-BC3F-0FB7133B1D29}.Debug|Any CPU.Build.0 = Debug|Any CPU
		{F9938C2A-52A3-46AA-BC3F-0FB7133B1D29}.Release|Any CPU.ActiveCfg = Release|Any CPU
		{F9938C2A-52A3-46AA-BC3F-0FB7133B1D29}.Release|Any CPU.Build.0 = Release|Any CPU
		{5357841D-9295-4BA8-9027-13656A9163B2}.Debug|Any CPU.ActiveCfg = Debug|Any CPU
		{5357841D-9295-4BA8-9027-13656A9163B2}.Debug|Any CPU.Build.0 = Debug|Any CPU
		{5357841D-9295-4BA8-9027-13656A9163B2}.Release|Any CPU.ActiveCfg = Release|Any CPU
		{5357841D-9295-4BA8-9027-13656A9163B2}.Release|Any CPU.Build.0 = Release|Any CPU
		{C6E414EC-A58A-4A47-B7AB-589354B85166}.Debug|Any CPU.ActiveCfg = Debug|Any CPU
		{C6E414EC-A58A-4A47-B7AB-589354B85166}.Debug|Any CPU.Build.0 = Debug|Any CPU
		{C6E414EC-A58A-4A47-B7AB-589354B85166}.Release|Any CPU.ActiveCfg = Release|Any CPU
		{C6E414EC-A58A-4A47-B7AB-589354B85166}.Release|Any CPU.Build.0 = Release|Any CPU
		{D66F961A-0526-48B3-85FD-53EA1BABCCC6}.Debug|Any CPU.ActiveCfg = Debug|Any CPU
		{D66F961A-0526-48B3-85FD-53EA1BABCCC6}.Debug|Any CPU.Build.0 = Debug|Any CPU
		{D66F961A-0526-48B3-85FD-53EA1BABCCC6}.Release|Any CPU.ActiveCfg = Release|Any CPU
		{D66F961A-0526-48B3-85FD-53EA1BABCCC6}.Release|Any CPU.Build.0 = Release|Any CPU
		{86DF3FD6-FC0A-4402-B5F8-5EE36109F517}.Debug|Any CPU.ActiveCfg = Debug|Any CPU
		{86DF3FD6-FC0A-4402-B5F8-5EE36109F517}.Debug|Any CPU.Build.0 = Debug|Any CPU
		{86DF3FD6-FC0A-4402-B5F8-5EE36109F517}.Release|Any CPU.ActiveCfg = Release|Any CPU
		{86DF3FD6-FC0A-4402-B5F8-5EE36109F517}.Release|Any CPU.Build.0 = Release|Any CPU
		{F630A586-9125-43CB-A5AC-04188EDABCAD}.Debug|Any CPU.ActiveCfg = Debug|Any CPU
		{F630A586-9125-43CB-A5AC-04188EDABCAD}.Debug|Any CPU.Build.0 = Debug|Any CPU
		{F630A586-9125-43CB-A5AC-04188EDABCAD}.Release|Any CPU.ActiveCfg = Release|Any CPU
		{F630A586-9125-43CB-A5AC-04188EDABCAD}.Release|Any CPU.Build.0 = Release|Any CPU
		{B4358AEA-9011-4FF1-B73C-20838B759846}.Debug|Any CPU.ActiveCfg = Debug|Any CPU
		{B4358AEA-9011-4FF1-B73C-20838B759846}.Debug|Any CPU.Build.0 = Debug|Any CPU
		{B4358AEA-9011-4FF1-B73C-20838B759846}.Release|Any CPU.ActiveCfg = Release|Any CPU
		{B4358AEA-9011-4FF1-B73C-20838B759846}.Release|Any CPU.Build.0 = Release|Any CPU
		{15ADBAFB-1CE8-4BF0-B39B-DCFDC834251D}.Debug|Any CPU.ActiveCfg = Debug|Any CPU
		{15ADBAFB-1CE8-4BF0-B39B-DCFDC834251D}.Debug|Any CPU.Build.0 = Debug|Any CPU
		{15ADBAFB-1CE8-4BF0-B39B-DCFDC834251D}.Release|Any CPU.ActiveCfg = Release|Any CPU
		{15ADBAFB-1CE8-4BF0-B39B-DCFDC834251D}.Release|Any CPU.Build.0 = Release|Any CPU
		{B3B1F267-2975-4A6C-8974-B8F9291DC87F}.Debug|Any CPU.ActiveCfg = Debug|Any CPU
		{B3B1F267-2975-4A6C-8974-B8F9291DC87F}.Debug|Any CPU.Build.0 = Debug|Any CPU
		{B3B1F267-2975-4A6C-8974-B8F9291DC87F}.Release|Any CPU.ActiveCfg = Release|Any CPU
		{B3B1F267-2975-4A6C-8974-B8F9291DC87F}.Release|Any CPU.Build.0 = Release|Any CPU
		{36405CA5-B219-44F5-B225-713DC76F6725}.Debug|Any CPU.ActiveCfg = Debug|Any CPU
		{36405CA5-B219-44F5-B225-713DC76F6725}.Debug|Any CPU.Build.0 = Debug|Any CPU
		{36405CA5-B219-44F5-B225-713DC76F6725}.Release|Any CPU.ActiveCfg = Release|Any CPU
		{36405CA5-B219-44F5-B225-713DC76F6725}.Release|Any CPU.Build.0 = Release|Any CPU
		{C7EA9474-84C8-4504-A689-1C4FF9CBFCFE}.Debug|Any CPU.ActiveCfg = Debug|Any CPU
		{C7EA9474-84C8-4504-A689-1C4FF9CBFCFE}.Debug|Any CPU.Build.0 = Debug|Any CPU
		{C7EA9474-84C8-4504-A689-1C4FF9CBFCFE}.Release|Any CPU.ActiveCfg = Release|Any CPU
		{C7EA9474-84C8-4504-A689-1C4FF9CBFCFE}.Release|Any CPU.Build.0 = Release|Any CPU
		{B52817E6-CAF1-468E-BDE1-0A618570DCAF}.Debug|Any CPU.ActiveCfg = Debug|Any CPU
		{B52817E6-CAF1-468E-BDE1-0A618570DCAF}.Debug|Any CPU.Build.0 = Debug|Any CPU
		{B52817E6-CAF1-468E-BDE1-0A618570DCAF}.Release|Any CPU.ActiveCfg = Release|Any CPU
		{B52817E6-CAF1-468E-BDE1-0A618570DCAF}.Release|Any CPU.Build.0 = Release|Any CPU
		{15A0FD73-4346-42AB-8F79-3C0D10420DD4}.Debug|Any CPU.ActiveCfg = Debug|Any CPU
		{15A0FD73-4346-42AB-8F79-3C0D10420DD4}.Debug|Any CPU.Build.0 = Debug|Any CPU
		{15A0FD73-4346-42AB-8F79-3C0D10420DD4}.Release|Any CPU.ActiveCfg = Release|Any CPU
		{15A0FD73-4346-42AB-8F79-3C0D10420DD4}.Release|Any CPU.Build.0 = Release|Any CPU
		{FF813AB8-B2AB-41A0-8701-99314CABA95C}.Debug|Any CPU.ActiveCfg = Debug|Any CPU
		{FF813AB8-B2AB-41A0-8701-99314CABA95C}.Debug|Any CPU.Build.0 = Debug|Any CPU
		{FF813AB8-B2AB-41A0-8701-99314CABA95C}.Release|Any CPU.ActiveCfg = Release|Any CPU
		{FF813AB8-B2AB-41A0-8701-99314CABA95C}.Release|Any CPU.Build.0 = Release|Any CPU
		{D771B1C9-A174-46C6-966E-5CEBBCBB77B1}.Debug|Any CPU.ActiveCfg = Debug|Any CPU
		{D771B1C9-A174-46C6-966E-5CEBBCBB77B1}.Debug|Any CPU.Build.0 = Debug|Any CPU
		{D771B1C9-A174-46C6-966E-5CEBBCBB77B1}.Release|Any CPU.ActiveCfg = Release|Any CPU
		{D771B1C9-A174-46C6-966E-5CEBBCBB77B1}.Release|Any CPU.Build.0 = Release|Any CPU
		{6B80422E-5EEA-491F-88A0-ECD05E0C03CD}.Debug|Any CPU.ActiveCfg = Debug|Any CPU
		{6B80422E-5EEA-491F-88A0-ECD05E0C03CD}.Debug|Any CPU.Build.0 = Debug|Any CPU
		{6B80422E-5EEA-491F-88A0-ECD05E0C03CD}.Release|Any CPU.ActiveCfg = Release|Any CPU
		{6B80422E-5EEA-491F-88A0-ECD05E0C03CD}.Release|Any CPU.Build.0 = Release|Any CPU
		{40D02A19-25DD-40BF-B101-7DC17EBE6850}.Debug|Any CPU.ActiveCfg = Debug|Any CPU
		{40D02A19-25DD-40BF-B101-7DC17EBE6850}.Debug|Any CPU.Build.0 = Debug|Any CPU
		{40D02A19-25DD-40BF-B101-7DC17EBE6850}.Release|Any CPU.ActiveCfg = Release|Any CPU
		{40D02A19-25DD-40BF-B101-7DC17EBE6850}.Release|Any CPU.Build.0 = Release|Any CPU
		{08393441-CBE7-44E0-878B-14EBEE26F568}.Debug|Any CPU.ActiveCfg = Debug|Any CPU
		{08393441-CBE7-44E0-878B-14EBEE26F568}.Debug|Any CPU.Build.0 = Debug|Any CPU
		{08393441-CBE7-44E0-878B-14EBEE26F568}.Release|Any CPU.ActiveCfg = Release|Any CPU
		{08393441-CBE7-44E0-878B-14EBEE26F568}.Release|Any CPU.Build.0 = Release|Any CPU
		{27CA4A78-BB00-4623-AA7D-90F168E3E637}.Debug|Any CPU.ActiveCfg = Debug|Any CPU
		{27CA4A78-BB00-4623-AA7D-90F168E3E637}.Debug|Any CPU.Build.0 = Debug|Any CPU
		{27CA4A78-BB00-4623-AA7D-90F168E3E637}.Release|Any CPU.ActiveCfg = Release|Any CPU
		{27CA4A78-BB00-4623-AA7D-90F168E3E637}.Release|Any CPU.Build.0 = Release|Any CPU
		{264CC144-96D6-449C-8A5A-1505677277A7}.Debug|Any CPU.ActiveCfg = Debug|Any CPU
		{264CC144-96D6-449C-8A5A-1505677277A7}.Debug|Any CPU.Build.0 = Debug|Any CPU
		{264CC144-96D6-449C-8A5A-1505677277A7}.Release|Any CPU.ActiveCfg = Release|Any CPU
		{264CC144-96D6-449C-8A5A-1505677277A7}.Release|Any CPU.Build.0 = Release|Any CPU
	EndGlobalSection
	GlobalSection(NestedProjects) = preSolution
		{E80C2EDA-EA67-4B21-BDE6-1F48F8A880C8} = {C65E3444-5DCA-4E90-9B0B-4F6F8854FAF6}
		{8038572A-90D1-4BAD-841B-D059CF7D18A7} = {C65E3444-5DCA-4E90-9B0B-4F6F8854FAF6}
		{8D34D6D6-4543-4E37-BEC5-30DDB95A5CB9} = {C65E3444-5DCA-4E90-9B0B-4F6F8854FAF6}
		{ED3AD7DA-1FDC-4621-AE2E-087C0F48438B} = {C65E3444-5DCA-4E90-9B0B-4F6F8854FAF6}
		{8345C6BB-43DC-41CE-AD38-E490CBC526C8} = {C65E3444-5DCA-4E90-9B0B-4F6F8854FAF6}
		{80529ADF-0248-4DD9-A0FB-1023C69CFCDA} = {C65E3444-5DCA-4E90-9B0B-4F6F8854FAF6}
		{CA013D36-16E1-4109-A530-EFAE89DBC4B9} = {C65E3444-5DCA-4E90-9B0B-4F6F8854FAF6}
		{65132371-ECDB-4E85-8FEC-B74551B56F67} = {C65E3444-5DCA-4E90-9B0B-4F6F8854FAF6}
		{0A16AAD2-A9C9-4DCE-A8C9-F5602C049FF2} = {5C25E317-7FA2-4078-97F2-509572E0FF37}
		{C4EFB7BD-FC06-4900-B3A9-9499B0CEB269} = {5C25E317-7FA2-4078-97F2-509572E0FF37}
		{B3D13F20-197A-4CF7-B321-19FC01B013D0} = {5C25E317-7FA2-4078-97F2-509572E0FF37}
		{42F20FCD-5510-4D15-9447-11D1D6C2F361} = {5C25E317-7FA2-4078-97F2-509572E0FF37}
		{F27E1916-A88A-4B3E-9992-293060A50F7E} = {5C25E317-7FA2-4078-97F2-509572E0FF37}
		{2F1E9094-61A9-4439-A638-E6CFD5FF3020} = {5C25E317-7FA2-4078-97F2-509572E0FF37}
		{8F2D14F0-691F-4D99-9079-51A36B582B8E} = {5C25E317-7FA2-4078-97F2-509572E0FF37}
		{AA1CAAC0-181C-4A17-8151-107B097BABAB} = {C65E3444-5DCA-4E90-9B0B-4F6F8854FAF6}
		{97ADEBE3-A70B-4D29-8739-C3149124AC91} = {AA1CAAC0-181C-4A17-8151-107B097BABAB}
		{86C52F58-2483-4E4F-BAC7-D2605CB4F11B} = {AA1CAAC0-181C-4A17-8151-107B097BABAB}
		{7ECEBCCE-3E40-4414-844A-7C1610DDDCFB} = {AA1CAAC0-181C-4A17-8151-107B097BABAB}
		{052D4C5B-0ACA-4CA2-B6A9-A448CA0B3B3A} = {AA1CAAC0-181C-4A17-8151-107B097BABAB}
		{DD88CBB8-ED50-4945-8E18-F25A63867209} = {AA1CAAC0-181C-4A17-8151-107B097BABAB}
		{2F0D41EF-1AF1-4556-8FFA-EF4797CE9673} = {AA1CAAC0-181C-4A17-8151-107B097BABAB}
		{F17D2963-CAC8-4F49-9A15-3C7A7618BAD6} = {AA1CAAC0-181C-4A17-8151-107B097BABAB}
		{F42B0644-9469-4017-88B3-E3B58D1F5005} = {AA1CAAC0-181C-4A17-8151-107B097BABAB}
		{6632D1FE-06AE-4CA8-A3E0-2D064916F04E} = {AA1CAAC0-181C-4A17-8151-107B097BABAB}
		{B305BDEB-0B29-4850-B652-B1500012DA3E} = {AA1CAAC0-181C-4A17-8151-107B097BABAB}
		{F9938C2A-52A3-46AA-BC3F-0FB7133B1D29} = {AA1CAAC0-181C-4A17-8151-107B097BABAB}
		{5357841D-9295-4BA8-9027-13656A9163B2} = {AA1CAAC0-181C-4A17-8151-107B097BABAB}
		{C6E414EC-A58A-4A47-B7AB-589354B85166} = {AA1CAAC0-181C-4A17-8151-107B097BABAB}
		{D66F961A-0526-48B3-85FD-53EA1BABCCC6} = {AA1CAAC0-181C-4A17-8151-107B097BABAB}
		{86DF3FD6-FC0A-4402-B5F8-5EE36109F517} = {AA1CAAC0-181C-4A17-8151-107B097BABAB}
		{F630A586-9125-43CB-A5AC-04188EDABCAD} = {AA1CAAC0-181C-4A17-8151-107B097BABAB}
		{B4358AEA-9011-4FF1-B73C-20838B759846} = {AA1CAAC0-181C-4A17-8151-107B097BABAB}
		{15ADBAFB-1CE8-4BF0-B39B-DCFDC834251D} = {AA1CAAC0-181C-4A17-8151-107B097BABAB}
		{B3B1F267-2975-4A6C-8974-B8F9291DC87F} = {AA1CAAC0-181C-4A17-8151-107B097BABAB}
		{36405CA5-B219-44F5-B225-713DC76F6725} = {AA1CAAC0-181C-4A17-8151-107B097BABAB}
		{C7EA9474-84C8-4504-A689-1C4FF9CBFCFE} = {AA1CAAC0-181C-4A17-8151-107B097BABAB}
		{B52817E6-CAF1-468E-BDE1-0A618570DCAF} = {AA1CAAC0-181C-4A17-8151-107B097BABAB}
		{15A0FD73-4346-42AB-8F79-3C0D10420DD4} = {AA1CAAC0-181C-4A17-8151-107B097BABAB}
		{FF813AB8-B2AB-41A0-8701-99314CABA95C} = {AA1CAAC0-181C-4A17-8151-107B097BABAB}
		{D771B1C9-A174-46C6-966E-5CEBBCBB77B1} = {AA1CAAC0-181C-4A17-8151-107B097BABAB}
		{6B80422E-5EEA-491F-88A0-ECD05E0C03CD} = {AA1CAAC0-181C-4A17-8151-107B097BABAB}
		{40D02A19-25DD-40BF-B101-7DC17EBE6850} = {AA1CAAC0-181C-4A17-8151-107B097BABAB}
		{08393441-CBE7-44E0-878B-14EBEE26F568} = {AA1CAAC0-181C-4A17-8151-107B097BABAB}
		{27CA4A78-BB00-4623-AA7D-90F168E3E637} = {AA1CAAC0-181C-4A17-8151-107B097BABAB}
		{264CC144-96D6-449C-8A5A-1505677277A7} = {5C25E317-7FA2-4078-97F2-509572E0FF37}
	EndGlobalSection
EndGlobal
